
Microsoft Visual Studio Solution File, Format Version 12.00
# Visual Studio Version 17
VisualStudioVersion = 17.5.002.0
MinimumVisualStudioVersion = 10.0.40219.1
Project("{2150E333-8FDC-42A3-9474-1A3956D46DE8}") = "sandbox", "sandbox", "{216EF399-8B1B-4715-BE6D-3B75EDC94E41}"
EndProject
Project("{9A19103F-16F7-4668-BE54-9A1E7A4F7556}") = "sandbox_project", "sandbox\sandbox_project\sandbox_project.csproj", "{21E0B163-46D2-414F-BBAF-F4C29726757E}"
EndProject
Project("{2150E333-8FDC-42A3-9474-1A3956D46DE8}") = "week01", "week01", "{DD078B57-F1DC-4FD2-A244-38C5AC210E61}"
EndProject
Project("{9A19103F-16F7-4668-BE54-9A1E7A4F7556}") = "analyze", "week01\analyze\analyze.csproj", "{55C8D036-60D5-4B0E-AD21-6A65F705ADAD}"
EndProject
Project("{9A19103F-16F7-4668-BE54-9A1E7A4F7556}") = "code", "week01\code\code.csproj", "{6B417E09-73C4-4991-B61C-5F02E34B4369}"
EndProject
Project("{9A19103F-16F7-4668-BE54-9A1E7A4F7556}") = "teach", "week01\teach\teach.csproj", "{4CC100B0-6D5A-450C-88D2-BD4356341273}"
EndProject
Project("{2150E333-8FDC-42A3-9474-1A3956D46DE8}") = "week02", "week02", "{92D093FB-D008-4586-BDD7-3F94BA52CD86}"
EndProject
Project("{9A19103F-16F7-4668-BE54-9A1E7A4F7556}") = "analyze", "week02\analyze\analyze.csproj", "{854ECA4B-3E6A-478E-95D6-D3F574C22361}"
EndProject
Project("{9A19103F-16F7-4668-BE54-9A1E7A4F7556}") = "code", "week02\code\code.csproj", "{6005E0F8-0CEB-4D0C-AA20-4235B757DC0B}"
EndProject
Project("{9A19103F-16F7-4668-BE54-9A1E7A4F7556}") = "learn", "week02\learn\learn.csproj", "{C1B1631B-7015-41A1-B3A9-78A8C34B4FDB}"
EndProject
Project("{9A19103F-16F7-4668-BE54-9A1E7A4F7556}") = "teach", "week02\teach\teach.csproj", "{388EFC5B-BB1B-4C7A-8FEB-DE34619485F7}"
EndProject
Project("{2150E333-8FDC-42A3-9474-1A3956D46DE8}") = "week03", "week03", "{88247F09-CC55-4DD7-A403-F499104C5B89}"
EndProject
Project("{9A19103F-16F7-4668-BE54-9A1E7A4F7556}") = "code", "week03\code\code.csproj", "{45B5402C-26C0-4422-B1DF-D5BE2AD9E8C5}"
EndProject
Project("{9A19103F-16F7-4668-BE54-9A1E7A4F7556}") = "learn", "week03\learn\learn.csproj", "{16A73B01-91E5-420C-9B79-63DDE61DAD93}"
EndProject
Project("{9A19103F-16F7-4668-BE54-9A1E7A4F7556}") = "teach", "week03\teach\teach.csproj", "{C0FEBEA0-56DC-4575-806C-8BBC155A1A62}"
EndProject
Project("{2150E333-8FDC-42A3-9474-1A3956D46DE8}") = "week04", "week04", "{E1321D07-A79D-4472-BF8C-F90EE826E900}"
EndProject
Project("{9A19103F-16F7-4668-BE54-9A1E7A4F7556}") = "code", "week04\code\code.csproj", "{8ED5CB75-5CE8-462E-B8BF-E6FA5DAD9FD1}"
EndProject
Project("{2150E333-8FDC-42A3-9474-1A3956D46DE8}") = "week05", "week05", "{DF733C61-A754-4F80-AF8B-15D8D2D3082A}"
EndProject
Project("{9A19103F-16F7-4668-BE54-9A1E7A4F7556}") = "code", "week05\code\code.csproj", "{C229EC3F-3A37-4E6D-9B00-E7762E93CD2F}"
EndProject
Project("{2150E333-8FDC-42A3-9474-1A3956D46DE8}") = "week06", "week06", "{5FD051CD-B88C-495B-9410-481166B1A5F7}"
EndProject
Project("{9A19103F-16F7-4668-BE54-9A1E7A4F7556}") = "code", "week06\code\code.csproj", "{AC1F7E7E-5742-4A2E-A23D-697852D64369}"
EndProject
Global
	GlobalSection(SolutionConfigurationPlatforms) = preSolution
		Debug|Any CPU = Debug|Any CPU
		Release|Any CPU = Release|Any CPU
	EndGlobalSection
	GlobalSection(ProjectConfigurationPlatforms) = postSolution
		{21E0B163-46D2-414F-BBAF-F4C29726757E}.Debug|Any CPU.ActiveCfg = Debug|Any CPU
		{21E0B163-46D2-414F-BBAF-F4C29726757E}.Debug|Any CPU.Build.0 = Debug|Any CPU
		{21E0B163-46D2-414F-BBAF-F4C29726757E}.Release|Any CPU.ActiveCfg = Release|Any CPU
		{21E0B163-46D2-414F-BBAF-F4C29726757E}.Release|Any CPU.Build.0 = Release|Any CPU
		{55C8D036-60D5-4B0E-AD21-6A65F705ADAD}.Debug|Any CPU.ActiveCfg = Debug|Any CPU
		{55C8D036-60D5-4B0E-AD21-6A65F705ADAD}.Debug|Any CPU.Build.0 = Debug|Any CPU
		{55C8D036-60D5-4B0E-AD21-6A65F705ADAD}.Release|Any CPU.ActiveCfg = Release|Any CPU
		{55C8D036-60D5-4B0E-AD21-6A65F705ADAD}.Release|Any CPU.Build.0 = Release|Any CPU
		{6B417E09-73C4-4991-B61C-5F02E34B4369}.Debug|Any CPU.ActiveCfg = Debug|Any CPU
		{6B417E09-73C4-4991-B61C-5F02E34B4369}.Debug|Any CPU.Build.0 = Debug|Any CPU
		{6B417E09-73C4-4991-B61C-5F02E34B4369}.Release|Any CPU.ActiveCfg = Release|Any CPU
		{6B417E09-73C4-4991-B61C-5F02E34B4369}.Release|Any CPU.Build.0 = Release|Any CPU
		{4CC100B0-6D5A-450C-88D2-BD4356341273}.Debug|Any CPU.ActiveCfg = Debug|Any CPU
		{4CC100B0-6D5A-450C-88D2-BD4356341273}.Debug|Any CPU.Build.0 = Debug|Any CPU
		{4CC100B0-6D5A-450C-88D2-BD4356341273}.Release|Any CPU.ActiveCfg = Release|Any CPU
		{4CC100B0-6D5A-450C-88D2-BD4356341273}.Release|Any CPU.Build.0 = Release|Any CPU
		{854ECA4B-3E6A-478E-95D6-D3F574C22361}.Debug|Any CPU.ActiveCfg = Debug|Any CPU
		{854ECA4B-3E6A-478E-95D6-D3F574C22361}.Debug|Any CPU.Build.0 = Debug|Any CPU
		{854ECA4B-3E6A-478E-95D6-D3F574C22361}.Release|Any CPU.ActiveCfg = Release|Any CPU
		{854ECA4B-3E6A-478E-95D6-D3F574C22361}.Release|Any CPU.Build.0 = Release|Any CPU
		{6005E0F8-0CEB-4D0C-AA20-4235B757DC0B}.Debug|Any CPU.ActiveCfg = Debug|Any CPU
		{6005E0F8-0CEB-4D0C-AA20-4235B757DC0B}.Debug|Any CPU.Build.0 = Debug|Any CPU
		{6005E0F8-0CEB-4D0C-AA20-4235B757DC0B}.Release|Any CPU.ActiveCfg = Release|Any CPU
		{6005E0F8-0CEB-4D0C-AA20-4235B757DC0B}.Release|Any CPU.Build.0 = Release|Any CPU
		{C1B1631B-7015-41A1-B3A9-78A8C34B4FDB}.Debug|Any CPU.ActiveCfg = Debug|Any CPU
		{C1B1631B-7015-41A1-B3A9-78A8C34B4FDB}.Debug|Any CPU.Build.0 = Debug|Any CPU
		{C1B1631B-7015-41A1-B3A9-78A8C34B4FDB}.Release|Any CPU.ActiveCfg = Release|Any CPU
		{C1B1631B-7015-41A1-B3A9-78A8C34B4FDB}.Release|Any CPU.Build.0 = Release|Any CPU
		{388EFC5B-BB1B-4C7A-8FEB-DE34619485F7}.Debug|Any CPU.ActiveCfg = Debug|Any CPU
		{388EFC5B-BB1B-4C7A-8FEB-DE34619485F7}.Debug|Any CPU.Build.0 = Debug|Any CPU
		{388EFC5B-BB1B-4C7A-8FEB-DE34619485F7}.Release|Any CPU.ActiveCfg = Release|Any CPU
		{388EFC5B-BB1B-4C7A-8FEB-DE34619485F7}.Release|Any CPU.Build.0 = Release|Any CPU
		{45B5402C-26C0-4422-B1DF-D5BE2AD9E8C5}.Debug|Any CPU.ActiveCfg = Debug|Any CPU
		{45B5402C-26C0-4422-B1DF-D5BE2AD9E8C5}.Debug|Any CPU.Build.0 = Debug|Any CPU
		{45B5402C-26C0-4422-B1DF-D5BE2AD9E8C5}.Release|Any CPU.ActiveCfg = Release|Any CPU
		{45B5402C-26C0-4422-B1DF-D5BE2AD9E8C5}.Release|Any CPU.Build.0 = Release|Any CPU
		{16A73B01-91E5-420C-9B79-63DDE61DAD93}.Debug|Any CPU.ActiveCfg = Debug|Any CPU
		{16A73B01-91E5-420C-9B79-63DDE61DAD93}.Debug|Any CPU.Build.0 = Debug|Any CPU
		{16A73B01-91E5-420C-9B79-63DDE61DAD93}.Release|Any CPU.ActiveCfg = Release|Any CPU
		{16A73B01-91E5-420C-9B79-63DDE61DAD93}.Release|Any CPU.Build.0 = Release|Any CPU
		{C0FEBEA0-56DC-4575-806C-8BBC155A1A62}.Debug|Any CPU.ActiveCfg = Debug|Any CPU
		{C0FEBEA0-56DC-4575-806C-8BBC155A1A62}.Debug|Any CPU.Build.0 = Debug|Any CPU
		{C0FEBEA0-56DC-4575-806C-8BBC155A1A62}.Release|Any CPU.ActiveCfg = Release|Any CPU
		{C0FEBEA0-56DC-4575-806C-8BBC155A1A62}.Release|Any CPU.Build.0 = Release|Any CPU
		{8ED5CB75-5CE8-462E-B8BF-E6FA5DAD9FD1}.Debug|Any CPU.ActiveCfg = Debug|Any CPU
		{8ED5CB75-5CE8-462E-B8BF-E6FA5DAD9FD1}.Debug|Any CPU.Build.0 = Debug|Any CPU
		{8ED5CB75-5CE8-462E-B8BF-E6FA5DAD9FD1}.Release|Any CPU.ActiveCfg = Release|Any CPU
		{8ED5CB75-5CE8-462E-B8BF-E6FA5DAD9FD1}.Release|Any CPU.Build.0 = Release|Any CPU
		{C229EC3F-3A37-4E6D-9B00-E7762E93CD2F}.Debug|Any CPU.ActiveCfg = Debug|Any CPU
		{C229EC3F-3A37-4E6D-9B00-E7762E93CD2F}.Debug|Any CPU.Build.0 = Debug|Any CPU
		{C229EC3F-3A37-4E6D-9B00-E7762E93CD2F}.Release|Any CPU.ActiveCfg = Release|Any CPU
		{C229EC3F-3A37-4E6D-9B00-E7762E93CD2F}.Release|Any CPU.Build.0 = Release|Any CPU
		{AC1F7E7E-5742-4A2E-A23D-697852D64369}.Debug|Any CPU.ActiveCfg = Debug|Any CPU
		{AC1F7E7E-5742-4A2E-A23D-697852D64369}.Debug|Any CPU.Build.0 = Debug|Any CPU
		{AC1F7E7E-5742-4A2E-A23D-697852D64369}.Release|Any CPU.ActiveCfg = Release|Any CPU
		{AC1F7E7E-5742-4A2E-A23D-697852D64369}.Release|Any CPU.Build.0 = Release|Any CPU
	EndGlobalSection
	GlobalSection(SolutionProperties) = preSolution
		HideSolutionNode = FALSE
	EndGlobalSection
	GlobalSection(NestedProjects) = preSolution
		{21E0B163-46D2-414F-BBAF-F4C29726757E} = {216EF399-8B1B-4715-BE6D-3B75EDC94E41}
		{55C8D036-60D5-4B0E-AD21-6A65F705ADAD} = {DD078B57-F1DC-4FD2-A244-38C5AC210E61}
		{6B417E09-73C4-4991-B61C-5F02E34B4369} = {DD078B57-F1DC-4FD2-A244-38C5AC210E61}
		{4CC100B0-6D5A-450C-88D2-BD4356341273} = {DD078B57-F1DC-4FD2-A244-38C5AC210E61}
		{854ECA4B-3E6A-478E-95D6-D3F574C22361} = {92D093FB-D008-4586-BDD7-3F94BA52CD86}
		{6005E0F8-0CEB-4D0C-AA20-4235B757DC0B} = {92D093FB-D008-4586-BDD7-3F94BA52CD86}
		{C1B1631B-7015-41A1-B3A9-78A8C34B4FDB} = {92D093FB-D008-4586-BDD7-3F94BA52CD86}
		{388EFC5B-BB1B-4C7A-8FEB-DE34619485F7} = {92D093FB-D008-4586-BDD7-3F94BA52CD86}
		{45B5402C-26C0-4422-B1DF-D5BE2AD9E8C5} = {88247F09-CC55-4DD7-A403-F499104C5B89}
		{16A73B01-91E5-420C-9B79-63DDE61DAD93} = {88247F09-CC55-4DD7-A403-F499104C5B89}
		{C0FEBEA0-56DC-4575-806C-8BBC155A1A62} = {88247F09-CC55-4DD7-A403-F499104C5B89}
		{8ED5CB75-5CE8-462E-B8BF-E6FA5DAD9FD1} = {E1321D07-A79D-4472-BF8C-F90EE826E900}
		{C229EC3F-3A37-4E6D-9B00-E7762E93CD2F} = {DF733C61-A754-4F80-AF8B-15D8D2D3082A}
		{AC1F7E7E-5742-4A2E-A23D-697852D64369} = {5FD051CD-B88C-495B-9410-481166B1A5F7}
	EndGlobalSection
	GlobalSection(ExtensibilityGlobals) = postSolution
		SolutionGuid = {D9D77239-663C-46A0-A3AF-6DA992BBDBF9}
	EndGlobalSection
EndGlobal
